// !$*UTF8*$!
{
	archiveVersion = 1;
	classes = {
	};
	objectVersion = 50;
	objects = {

/* Begin PBXBuildFile section */
		44C6884D21F1D67900EC4145 /* AppDelegate.m in Sources */ = {isa = PBXBuildFile; fileRef = 44C6884C21F1D67900EC4145 /* AppDelegate.m */; };
		44C6885021F1D67900EC4145 /* ViewController.m in Sources */ = {isa = PBXBuildFile; fileRef = 44C6884F21F1D67900EC4145 /* ViewController.m */; };
		44C6885321F1D67900EC4145 /* Main.storyboard in Resources */ = {isa = PBXBuildFile; fileRef = 44C6885121F1D67900EC4145 /* Main.storyboard */; };
		44C6885521F1D67A00EC4145 /* Assets.xcassets in Resources */ = {isa = PBXBuildFile; fileRef = 44C6885421F1D67A00EC4145 /* Assets.xcassets */; };
		44C6885821F1D67A00EC4145 /* LaunchScreen.storyboard in Resources */ = {isa = PBXBuildFile; fileRef = 44C6885621F1D67A00EC4145 /* LaunchScreen.storyboard */; };
		44C6885B21F1D67A00EC4145 /* main.m in Sources */ = {isa = PBXBuildFile; fileRef = 44C6885A21F1D67A00EC4145 /* main.m */; };
		44C6886521F1D67A00EC4145 /* SelfSizingCellsDemoTests.m in Sources */ = {isa = PBXBuildFile; fileRef = 44C6886421F1D67A00EC4145 /* SelfSizingCellsDemoTests.m */; };
		44C6887021F1D67A00EC4145 /* SelfSizingCellsDemoUITests.m in Sources */ = {isa = PBXBuildFile; fileRef = 44C6886F21F1D67A00EC4145 /* SelfSizingCellsDemoUITests.m */; };
		44C6888021F1D71E00EC4145 /* AutoHeightTableViewCell.m in Sources */ = {isa = PBXBuildFile; fileRef = 44C6887E21F1D71E00EC4145 /* AutoHeightTableViewCell.m */; };
		44C6888121F1D71E00EC4145 /* AutoHeightTableViewCell.xib in Resources */ = {isa = PBXBuildFile; fileRef = 44C6887F21F1D71E00EC4145 /* AutoHeightTableViewCell.xib */; };
/* End PBXBuildFile section */

/* Begin PBXContainerItemProxy section */
		44C6886121F1D67A00EC4145 /* PBXContainerItemProxy */ = {
			isa = PBXContainerItemProxy;
			containerPortal = 44C6884021F1D67900EC4145 /* Project object */;
			proxyType = 1;
			remoteGlobalIDString = 44C6884721F1D67900EC4145;
			remoteInfo = SelfSizingCellsDemo;
		};
		44C6886C21F1D67A00EC4145 /* PBXContainerItemProxy */ = {
			isa = PBXContainerItemProxy;
			containerPortal = 44C6884021F1D67900EC4145 /* Project object */;
			proxyType = 1;
			remoteGlobalIDString = 44C6884721F1D67900EC4145;
			remoteInfo = SelfSizingCellsDemo;
		};
/* End PBXContainerItemProxy section */

/* Begin PBXFileReference section */
		44C6884821F1D67900EC4145 /* SelfSizingCellsDemo.app */ = {isa = PBXFileReference; explicitFileType = wrapper.application; includeInIndex = 0; path = SelfSizingCellsDemo.app; sourceTree = BUILT_PRODUCTS_DIR; };
		44C6884B21F1D67900EC4145 /* AppDelegate.h */ = {isa = PBXFileReference; lastKnownFileType = sourcecode.c.h; path = AppDelegate.h; sourceTree = "<group>"; };
		44C6884C21F1D67900EC4145 /* AppDelegate.m */ = {isa = PBXFileReference; lastKnownFileType = sourcecode.c.objc; path = AppDelegate.m; sourceTree = "<group>"; };
		44C6884E21F1D67900EC4145 /* ViewController.h */ = {isa = PBXFileReference; lastKnownFileType = sourcecode.c.h; path = ViewController.h; sourceTree = "<group>"; };
		44C6884F21F1D67900EC4145 /* ViewController.m */ = {isa = PBXFileReference; lastKnownFileType = sourcecode.c.objc; path = ViewController.m; sourceTree = "<group>"; };
		44C6885221F1D67900EC4145 /* Base */ = {isa = PBXFileReference; lastKnownFileType = file.storyboard; name = Base; path = Base.lproj/Main.storyboard; sourceTree = "<group>"; };
		44C6885421F1D67A00EC4145 /* Assets.xcassets */ = {isa = PBXFileReference; lastKnownFileType = folder.assetcatalog; path = Assets.xcassets; sourceTree = "<group>"; };
		44C6885721F1D67A00EC4145 /* Base */ = {isa = PBXFileReference; lastKnownFileType = file.storyboard; name = Base; path = Base.lproj/LaunchScreen.storyboard; sourceTree = "<group>"; };
		44C6885921F1D67A00EC4145 /* Info.plist */ = {isa = PBXFileReference; lastKnownFileType = text.plist.xml; path = Info.plist; sourceTree = "<group>"; };
		44C6885A21F1D67A00EC4145 /* main.m */ = {isa = PBXFileReference; lastKnownFileType = sourcecode.c.objc; path = main.m; sourceTree = "<group>"; };
		44C6886021F1D67A00EC4145 /* SelfSizingCellsDemoTests.xctest */ = {isa = PBXFileReference; explicitFileType = wrapper.cfbundle; includeInIndex = 0; path = SelfSizingCellsDemoTests.xctest; sourceTree = BUILT_PRODUCTS_DIR; };
		44C6886421F1D67A00EC4145 /* SelfSizingCellsDemoTests.m */ = {isa = PBXFileReference; lastKnownFileType = sourcecode.c.objc; path = SelfSizingCellsDemoTests.m; sourceTree = "<group>"; };
		44C6886621F1D67A00EC4145 /* Info.plist */ = {isa = PBXFileReference; lastKnownFileType = text.plist.xml; path = Info.plist; sourceTree = "<group>"; };
		44C6886B21F1D67A00EC4145 /* SelfSizingCellsDemoUITests.xctest */ = {isa = PBXFileReference; explicitFileType = wrapper.cfbundle; includeInIndex = 0; path = SelfSizingCellsDemoUITests.xctest; sourceTree = BUILT_PRODUCTS_DIR; };
		44C6886F21F1D67A00EC4145 /* SelfSizingCellsDemoUITests.m */ = {isa = PBXFileReference; lastKnownFileType = sourcecode.c.objc; path = SelfSizingCellsDemoUITests.m; sourceTree = "<group>"; };
		44C6887121F1D67A00EC4145 /* Info.plist */ = {isa = PBXFileReference; lastKnownFileType = text.plist.xml; path = Info.plist; sourceTree = "<group>"; };
		44C6887D21F1D71E00EC4145 /* AutoHeightTableViewCell.h */ = {isa = PBXFileReference; lastKnownFileType = sourcecode.c.h; path = AutoHeightTableViewCell.h; sourceTree = "<group>"; };
		44C6887E21F1D71E00EC4145 /* AutoHeightTableViewCell.m */ = {isa = PBXFileReference; lastKnownFileType = sourcecode.c.objc; path = AutoHeightTableViewCell.m; sourceTree = "<group>"; };
		44C6887F21F1D71E00EC4145 /* AutoHeightTableViewCell.xib */ = {isa = PBXFileReference; lastKnownFileType = file.xib; path = AutoHeightTableViewCell.xib; sourceTree = "<group>"; };
/* End PBXFileReference section */

/* Begin PBXFrameworksBuildPhase section */
		44C6884521F1D67900EC4145 /* Frameworks */ = {
			isa = PBXFrameworksBuildPhase;
			buildActionMask = 2147483647;
			files = (
			);
			runOnlyForDeploymentPostprocessing = 0;
		};
		44C6885D21F1D67A00EC4145 /* Frameworks */ = {
			isa = PBXFrameworksBuildPhase;
			buildActionMask = 2147483647;
			files = (
			);
			runOnlyForDeploymentPostprocessing = 0;
		};
		44C6886821F1D67A00EC4145 /* Frameworks */ = {
			isa = PBXFrameworksBuildPhase;
			buildActionMask = 2147483647;
			files = (
			);
			runOnlyForDeploymentPostprocessing = 0;
		};
/* End PBXFrameworksBuildPhase section */

/* Begin PBXGroup section */
		44C6883F21F1D67900EC4145 = {
			isa = PBXGroup;
			children = (
				44C6884A21F1D67900EC4145 /* SelfSizingCellsDemo */,
				44C6886321F1D67A00EC4145 /* SelfSizingCellsDemoTests */,
				44C6886E21F1D67A00EC4145 /* SelfSizingCellsDemoUITests */,
				44C6884921F1D67900EC4145 /* Products */,
			);
			sourceTree = "<group>";
		};
		44C6884921F1D67900EC4145 /* Products */ = {
			isa = PBXGroup;
			children = (
				44C6884821F1D67900EC4145 /* SelfSizingCellsDemo.app */,
				44C6886021F1D67A00EC4145 /* SelfSizingCellsDemoTests.xctest */,
				44C6886B21F1D67A00EC4145 /* SelfSizingCellsDemoUITests.xctest */,
			);
			name = Products;
			sourceTree = "<group>";
		};
		44C6884A21F1D67900EC4145 /* SelfSizingCellsDemo */ = {
			isa = PBXGroup;
			children = (
				44C6884B21F1D67900EC4145 /* AppDelegate.h */,
				44C6884C21F1D67900EC4145 /* AppDelegate.m */,
				44C6884E21F1D67900EC4145 /* ViewController.h */,
				44C6884F21F1D67900EC4145 /* ViewController.m */,
				44C6887D21F1D71E00EC4145 /* AutoHeightTableViewCell.h */,
				44C6887E21F1D71E00EC4145 /* AutoHeightTableViewCell.m */,
				44C6887F21F1D71E00EC4145 /* AutoHeightTableViewCell.xib */,
				44C6885121F1D67900EC4145 /* Main.storyboard */,
				44C6885421F1D67A00EC4145 /* Assets.xcassets */,
				44C6885621F1D67A00EC4145 /* LaunchScreen.storyboard */,
				44C6885921F1D67A00EC4145 /* Info.plist */,
				44C6885A21F1D67A00EC4145 /* main.m */,
			);
			path = SelfSizingCellsDemo;
			sourceTree = "<group>";
		};
		44C6886321F1D67A00EC4145 /* SelfSizingCellsDemoTests */ = {
			isa = PBXGroup;
			children = (
				44C6886421F1D67A00EC4145 /* SelfSizingCellsDemoTests.m */,
				44C6886621F1D67A00EC4145 /* Info.plist */,
			);
			path = SelfSizingCellsDemoTests;
			sourceTree = "<group>";
		};
		44C6886E21F1D67A00EC4145 /* SelfSizingCellsDemoUITests */ = {
			isa = PBXGroup;
			children = (
				44C6886F21F1D67A00EC4145 /* SelfSizingCellsDemoUITests.m */,
				44C6887121F1D67A00EC4145 /* Info.plist */,
			);
			path = SelfSizingCellsDemoUITests;
			sourceTree = "<group>";
		};
/* End PBXGroup section */

/* Begin PBXNativeTarget section */
		44C6884721F1D67900EC4145 /* SelfSizingCellsDemo */ = {
			isa = PBXNativeTarget;
			buildConfigurationList = 44C6887421F1D67A00EC4145 /* Build configuration list for PBXNativeTarget "SelfSizingCellsDemo" */;
			buildPhases = (
				44C6884421F1D67900EC4145 /* Sources */,
				44C6884521F1D67900EC4145 /* Frameworks */,
				44C6884621F1D67900EC4145 /* Resources */,
			);
			buildRules = (
			);
			dependencies = (
			);
			name = SelfSizingCellsDemo;
			productName = SelfSizingCellsDemo;
			productReference = 44C6884821F1D67900EC4145 /* SelfSizingCellsDemo.app */;
			productType = "com.apple.product-type.application";
		};
		44C6885F21F1D67A00EC4145 /* SelfSizingCellsDemoTests */ = {
			isa = PBXNativeTarget;
			buildConfigurationList = 44C6887721F1D67A00EC4145 /* Build configuration list for PBXNativeTarget "SelfSizingCellsDemoTests" */;
			buildPhases = (
				44C6885C21F1D67A00EC4145 /* Sources */,
				44C6885D21F1D67A00EC4145 /* Frameworks */,
				44C6885E21F1D67A00EC4145 /* Resources */,
			);
			buildRules = (
			);
			dependencies = (
				44C6886221F1D67A00EC4145 /* PBXTargetDependency */,
			);
			name = SelfSizingCellsDemoTests;
			productName = SelfSizingCellsDemoTests;
			productReference = 44C6886021F1D67A00EC4145 /* SelfSizingCellsDemoTests.xctest */;
			productType = "com.apple.product-type.bundle.unit-test";
		};
		44C6886A21F1D67A00EC4145 /* SelfSizingCellsDemoUITests */ = {
			isa = PBXNativeTarget;
			buildConfigurationList = 44C6887A21F1D67A00EC4145 /* Build configuration list for PBXNativeTarget "SelfSizingCellsDemoUITests" */;
			buildPhases = (
				44C6886721F1D67A00EC4145 /* Sources */,
				44C6886821F1D67A00EC4145 /* Frameworks */,
				44C6886921F1D67A00EC4145 /* Resources */,
			);
			buildRules = (
			);
			dependencies = (
				44C6886D21F1D67A00EC4145 /* PBXTargetDependency */,
			);
			name = SelfSizingCellsDemoUITests;
			productName = SelfSizingCellsDemoUITests;
			productReference = 44C6886B21F1D67A00EC4145 /* SelfSizingCellsDemoUITests.xctest */;
			productType = "com.apple.product-type.bundle.ui-testing";
		};
/* End PBXNativeTarget section */

/* Begin PBXProject section */
		44C6884021F1D67900EC4145 /* Project object */ = {
			isa = PBXProject;
			attributes = {
				LastUpgradeCheck = 1010;
				ORGANIZATIONNAME = gzd;
				TargetAttributes = {
					44C6884721F1D67900EC4145 = {
						CreatedOnToolsVersion = 10.1;
					};
					44C6885F21F1D67A00EC4145 = {
						CreatedOnToolsVersion = 10.1;
						TestTargetID = 44C6884721F1D67900EC4145;
					};
					44C6886A21F1D67A00EC4145 = {
						CreatedOnToolsVersion = 10.1;
						TestTargetID = 44C6884721F1D67900EC4145;
					};
				};
			};
			buildConfigurationList = 44C6884321F1D67900EC4145 /* Build configuration list for PBXProject "SelfSizingCellsDemo" */;
			compatibilityVersion = "Xcode 9.3";
			developmentRegion = en;
			hasScannedForEncodings = 0;
			knownRegions = (
				en,
				Base,
			);
			mainGroup = 44C6883F21F1D67900EC4145;
			productRefGroup = 44C6884921F1D67900EC4145 /* Products */;
			projectDirPath = "";
			projectRoot = "";
			targets = (
				44C6884721F1D67900EC4145 /* SelfSizingCellsDemo */,
				44C6885F21F1D67A00EC4145 /* SelfSizingCellsDemoTests */,
				44C6886A21F1D67A00EC4145 /* SelfSizingCellsDemoUITests */,
			);
		};
/* End PBXProject section */

/* Begin PBXResourcesBuildPhase section */
		44C6884621F1D67900EC4145 /* Resources */ = {
			isa = PBXResourcesBuildPhase;
			buildActionMask = 2147483647;
			files = (
				44C6885821F1D67A00EC4145 /* LaunchScreen.storyboard in Resources */,
				44C6888121F1D71E00EC4145 /* AutoHeightTableViewCell.xib in Resources */,
				44C6885521F1D67A00EC4145 /* Assets.xcassets in Resources */,
				44C6885321F1D67900EC4145 /* Main.storyboard in Resources */,
			);
			runOnlyForDeploymentPostprocessing = 0;
		};
		44C6885E21F1D67A00EC4145 /* Resources */ = {
			isa = PBXResourcesBuildPhase;
			buildActionMask = 2147483647;
			files = (
			);
			runOnlyForDeploymentPostprocessing = 0;
		};
		44C6886921F1D67A00EC4145 /* Resources */ = {
			isa = PBXResourcesBuildPhase;
			buildActionMask = 2147483647;
			files = (
			);
			runOnlyForDeploymentPostprocessing = 0;
		};
/* End PBXResourcesBuildPhase section */

/* Begin PBXSourcesBuildPhase section */
		44C6884421F1D67900EC4145 /* Sources */ = {
			isa = PBXSourcesBuildPhase;
			buildActionMask = 2147483647;
			files = (
				44C6885021F1D67900EC4145 /* ViewController.m in Sources */,
				44C6888021F1D71E00EC4145 /* AutoHeightTableViewCell.m in Sources */,
				44C6885B21F1D67A00EC4145 /* main.m in Sources */,
				44C6884D21F1D67900EC4145 /* AppDelegate.m in Sources */,
			);
			runOnlyForDeploymentPostprocessing = 0;
		};
		44C6885C21F1D67A00EC4145 /* Sources */ = {
			isa = PBXSourcesBuildPhase;
			buildActionMask = 2147483647;
			files = (
				44C6886521F1D67A00EC4145 /* SelfSizingCellsDemoTests.m in Sources */,
			);
			runOnlyForDeploymentPostprocessing = 0;
		};
		44C6886721F1D67A00EC4145 /* Sources */ = {
			isa = PBXSourcesBuildPhase;
			buildActionMask = 2147483647;
			files = (
				44C6887021F1D67A00EC4145 /* SelfSizingCellsDemoUITests.m in Sources */,
			);
			runOnlyForDeploymentPostprocessing = 0;
		};
/* End PBXSourcesBuildPhase section */

/* Begin PBXTargetDependency section */
		44C6886221F1D67A00EC4145 /* PBXTargetDependency */ = {
			isa = PBXTargetDependency;
			target = 44C6884721F1D67900EC4145 /* SelfSizingCellsDemo */;
			targetProxy = 44C6886121F1D67A00EC4145 /* PBXContainerItemProxy */;
		};
		44C6886D21F1D67A00EC4145 /* PBXTargetDependency */ = {
			isa = PBXTargetDependency;
			target = 44C6884721F1D67900EC4145 /* SelfSizingCellsDemo */;
			targetProxy = 44C6886C21F1D67A00EC4145 /* PBXContainerItemProxy */;
		};
/* End PBXTargetDependency section */

/* Begin PBXVariantGroup section */
		44C6885121F1D67900EC4145 /* Main.storyboard */ = {
			isa = PBXVariantGroup;
			children = (
				44C6885221F1D67900EC4145 /* Base */,
			);
			name = Main.storyboard;
			sourceTree = "<group>";
		};
		44C6885621F1D67A00EC4145 /* LaunchScreen.storyboard */ = {
			isa = PBXVariantGroup;
			children = (
				44C6885721F1D67A00EC4145 /* Base */,
			);
			name = LaunchScreen.storyboard;
			sourceTree = "<group>";
		};
/* End PBXVariantGroup section */

/* Begin XCBuildConfiguration section */
		44C6887221F1D67A00EC4145 /* Debug */ = {
			isa = XCBuildConfiguration;
			buildSettings = {
				ALWAYS_SEARCH_USER_PATHS = NO;
				CLANG_ANALYZER_NONNULL = YES;
				CLANG_ANALYZER_NUMBER_OBJECT_CONVERSION = YES_AGGRESSIVE;
				CLANG_CXX_LANGUAGE_STANDARD = "gnu++14";
				CLANG_CXX_LIBRARY = "libc++";
				CLANG_ENABLE_MODULES = YES;
				CLANG_ENABLE_OBJC_ARC = YES;
				CLANG_ENABLE_OBJC_WEAK = YES;
				CLANG_WARN_BLOCK_CAPTURE_AUTORELEASING = YES;
				CLANG_WARN_BOOL_CONVERSION = YES;
				CLANG_WARN_COMMA = YES;
				CLANG_WARN_CONSTANT_CONVERSION = YES;
				CLANG_WARN_DEPRECATED_OBJC_IMPLEMENTATIONS = YES;
				CLANG_WARN_DIRECT_OBJC_ISA_USAGE = YES_ERROR;
				CLANG_WARN_DOCUMENTATION_COMMENTS = YES;
				CLANG_WARN_EMPTY_BODY = YES;
				CLANG_WARN_ENUM_CONVERSION = YES;
				CLANG_WARN_INFINITE_RECURSION = YES;
				CLANG_WARN_INT_CONVERSION = YES;
				CLANG_WARN_NON_LITERAL_NULL_CONVERSION = YES;
				CLANG_WARN_OBJC_IMPLICIT_RETAIN_SELF = YES;
				CLANG_WARN_OBJC_LITERAL_CONVERSION = YES;
				CLANG_WARN_OBJC_ROOT_CLASS = YES_ERROR;
				CLANG_WARN_RANGE_LOOP_ANALYSIS = YES;
				CLANG_WARN_STRICT_PROTOTYPES = YES;
				CLANG_WARN_SUSPICIOUS_MOVE = YES;
				CLANG_WARN_UNGUARDED_AVAILABILITY = YES_AGGRESSIVE;
				CLANG_WARN_UNREACHABLE_CODE = YES;
				CLANG_WARN__DUPLICATE_METHOD_MATCH = YES;
				CODE_SIGN_IDENTITY = "iPhone Developer";
				COPY_PHASE_STRIP = NO;
				DEBUG_INFORMATION_FORMAT = dwarf;
				ENABLE_STRICT_OBJC_MSGSEND = YES;
				ENABLE_TESTABILITY = YES;
				GCC_C_LANGUAGE_STANDARD = gnu11;
				GCC_DYNAMIC_NO_PIC = NO;
				GCC_NO_COMMON_BLOCKS = YES;
				GCC_OPTIMIZATION_LEVEL = 0;
				GCC_PREPROCESSOR_DEFINITIONS = (
					"DEBUG=1",
					"$(inherited)",
				);
				GCC_WARN_64_TO_32_BIT_CONVERSION = YES;
				GCC_WARN_ABOUT_RETURN_TYPE = YES_ERROR;
				GCC_WARN_UNDECLARED_SELECTOR = YES;
				GCC_WARN_UNINITIALIZED_AUTOS = YES_AGGRESSIVE;
				GCC_WARN_UNUSED_FUNCTION = YES;
				GCC_WARN_UNUSED_VARIABLE = YES;
				IPHONEOS_DEPLOYMENT_TARGET = 12.1;
				MTL_ENABLE_DEBUG_INFO = INCLUDE_SOURCE;
				MTL_FAST_MATH = YES;
				ONLY_ACTIVE_ARCH = YES;
				SDKROOT = iphoneos;
			};
			name = Debug;
		};
		44C6887321F1D67A00EC4145 /* Release */ = {
			isa = XCBuildConfiguration;
			buildSettings = {
				ALWAYS_SEARCH_USER_PATHS = NO;
				CLANG_ANALYZER_NONNULL = YES;
				CLANG_ANALYZER_NUMBER_OBJECT_CONVERSION = YES_AGGRESSIVE;
				CLANG_CXX_LANGUAGE_STANDARD = "gnu++14";
				CLANG_CXX_LIBRARY = "libc++";
				CLANG_ENABLE_MODULES = YES;
				CLANG_ENABLE_OBJC_ARC = YES;
				CLANG_ENABLE_OBJC_WEAK = YES;
				CLANG_WARN_BLOCK_CAPTURE_AUTORELEASING = YES;
				CLANG_WARN_BOOL_CONVERSION = YES;
				CLANG_WARN_COMMA = YES;
				CLANG_WARN_CONSTANT_CONVERSION = YES;
				CLANG_WARN_DEPRECATED_OBJC_IMPLEMENTATIONS = YES;
				CLANG_WARN_DIRECT_OBJC_ISA_USAGE = YES_ERROR;
				CLANG_WARN_DOCUMENTATION_COMMENTS = YES;
				CLANG_WARN_EMPTY_BODY = YES;
				CLANG_WARN_ENUM_CONVERSION = YES;
				CLANG_WARN_INFINITE_RECURSION = YES;
				CLANG_WARN_INT_CONVERSION = YES;
				CLANG_WARN_NON_LITERAL_NULL_CONVERSION = YES;
				CLANG_WARN_OBJC_IMPLICIT_RETAIN_SELF = YES;
				CLANG_WARN_OBJC_LITERAL_CONVERSION = YES;
				CLANG_WARN_OBJC_ROOT_CLASS = YES_ERROR;
				CLANG_WARN_RANGE_LOOP_ANALYSIS = YES;
				CLANG_WARN_STRICT_PROTOTYPES = YES;
				CLANG_WARN_SUSPICIOUS_MOVE = YES;
				CLANG_WARN_UNGUARDED_AVAILABILITY = YES_AGGRESSIVE;
				CLANG_WARN_UNREACHABLE_CODE = YES;
				CLANG_WARN__DUPLICATE_METHOD_MATCH = YES;
				CODE_SIGN_IDENTITY = "iPhone Developer";
				COPY_PHASE_STRIP = NO;
				DEBUG_INFORMATION_FORMAT = "dwarf-with-dsym";
				ENABLE_NS_ASSERTIONS = NO;
				ENABLE_STRICT_OBJC_MSGSEND = YES;
				GCC_C_LANGUAGE_STANDARD = gnu11;
				GCC_NO_COMMON_BLOCKS = YES;
				GCC_WARN_64_TO_32_BIT_CONVERSION = YES;
				GCC_WARN_ABOUT_RETURN_TYPE = YES_ERROR;
				GCC_WARN_UNDECLARED_SELECTOR = YES;
				GCC_WARN_UNINITIALIZED_AUTOS = YES_AGGRESSIVE;
				GCC_WARN_UNUSED_FUNCTION = YES;
				GCC_WARN_UNUSED_VARIABLE = YES;
				IPHONEOS_DEPLOYMENT_TARGET = 12.1;
				MTL_ENABLE_DEBUG_INFO = NO;
				MTL_FAST_MATH = YES;
				SDKROOT = iphoneos;
				VALIDATE_PRODUCT = YES;
			};
			name = Release;
		};
		44C6887521F1D67A00EC4145 /* Debug */ = {
			isa = XCBuildConfiguration;
			buildSettings = {
				ASSETCATALOG_COMPILER_APPICON_NAME = AppIcon;
				CODE_SIGN_STYLE = Automatic;
				DEVELOPMENT_TEAM = N2PG2S36J2;
				INFOPLIST_FILE = SelfSizingCellsDemo/Info.plist;
				IPHONEOS_DEPLOYMENT_TARGET = 8.0;
				LD_RUNPATH_SEARCH_PATHS = (
					"$(inherited)",
					"@executable_path/Frameworks",
				);
				PRODUCT_BUNDLE_IDENTIFIER = com.gzd.SelfSizingCellsDemo;
				PRODUCT_NAME = "$(TARGET_NAME)";
				TARGETED_DEVICE_FAMILY = "1,2";
			};
			name = Debug;
		};
		44C6887621F1D67A00EC4145 /* Release */ = {
			isa = XCBuildConfiguration;
			buildSettings = {
				ASSETCATALOG_COMPILER_APPICON_NAME = AppIcon;
				CODE_SIGN_STYLE = Automatic;
				DEVELOPMENT_TEAM = N2PG2S36J2;
				INFOPLIST_FILE = SelfSizingCellsDemo/Info.plist;
				IPHONEOS_DEPLOYMENT_TARGET = 8.0;
				LD_RUNPATH_SEARCH_PATHS = (
					"$(inherited)",
					"@executable_path/Frameworks",
				);
				PRODUCT_BUNDLE_IDENTIFIER = com.gzd.SelfSizingCellsDemo;
				PRODUCT_NAME = "$(TARGET_NAME)";
				TARGETED_DEVICE_FAMILY = "1,2";
			};
			name = Release;
		};
		44C6887821F1D67A00EC4145 /* Debug */ = {
			isa = XCBuildConfiguration;
			buildSettings = {
				BUNDLE_LOADER = "$(TEST_HOST)";
				CODE_SIGN_STYLE = Automatic;
				DEVELOPMENT_TEAM = N2PG2S36J2;
				INFOPLIST_FILE = SelfSizingCellsDemoTests/Info.plist;
				LD_RUNPATH_SEARCH_PATHS = (
					"$(inherited)",
					"@executable_path/Frameworks",
					"@loader_path/Frameworks",
				);
				PRODUCT_BUNDLE_IDENTIFIER = com.gzd.SelfSizingCellsDemoTests;
				PRODUCT_NAME = "$(TARGET_NAME)";
				TARGETED_DEVICE_FAMILY = "1,2";
				TEST_HOST = "$(BUILT_PRODUCTS_DIR)/SelfSizingCellsDemo.app/SelfSizingCellsDemo";
			};
			name = Debug;
		};
		44C6887921F1D67A00EC4145 /* Release */ = {
			isa = XCBuildConfiguration;
			buildSettings = {
				BUNDLE_LOADER = "$(TEST_HOST)";
				CODE_SIGN_STYLE = Automatic;
				DEVELOPMENT_TEAM = N2PG2S36J2;
				INFOPLIST_FILE = SelfSizingCellsDemoTests/Info.plist;
				LD_RUNPATH_SEARCH_PATHS = (
					"$(inherited)",
					"@executable_path/Frameworks",
					"@loader_path/Frameworks",
				);
				PRODUCT_BUNDLE_IDENTIFIER = com.gzd.SelfSizingCellsDemoTests;
				PRODUCT_NAME = "$(TARGET_NAME)";
				TARGETED_DEVICE_FAMILY = "1,2";
				TEST_HOST = "$(BUILT_PRODUCTS_DIR)/SelfSizingCellsDemo.app/SelfSizingCellsDemo";
			};
			name = Release;
		};
		44C6887B21F1D67A00EC4145 /* Debug */ = {
			isa = XCBuildConfiguration;
			buildSettings = {
				CODE_SIGN_STYLE = Automatic;
				DEVELOPMENT_TEAM = N2PG2S36J2;
				INFOPLIST_FILE = SelfSizingCellsDemoUITests/Info.plist;
				LD_RUNPATH_SEARCH_PATHS = (
					"$(inherited)",
					"@executable_path/Frameworks",
					"@loader_path/Frameworks",
				);
				PRODUCT_BUNDLE_IDENTIFIER = com.gzd.SelfSizingCellsDemoUITests;
				PRODUCT_NAME = "$(TARGET_NAME)";
				TARGETED_DEVICE_FAMILY = "1,2";
				TEST_TARGET_NAME = SelfSizingCellsDemo;
			};
			name = Debug;
		};
		44C6887C21F1D67A00EC4145 /* Release */ = {
			isa = XCBuildConfiguration;
			buildSettings = {
				CODE_SIGN_STYLE = Automatic;
				DEVELOPMENT_TEAM = N2PG2S36J2;
				INFOPLIST_FILE = SelfSizingCellsDemoUITests/Info.plist;
				LD_RUNPATH_SEARCH_PATHS = (
					"$(inherited)",
					"@executable_path/Frameworks",
					"@loader_path/Frameworks",
				);
				PRODUCT_BUNDLE_IDENTIFIER = com.gzd.SelfSizingCellsDemoUITests;
				PRODUCT_NAME = "$(TARGET_NAME)";
				TARGETED_DEVICE_FAMILY = "1,2";
				TEST_TARGET_NAME = SelfSizingCellsDemo;
			};
			name = Release;
		};
/* End XCBuildConfiguration section */

/* Begin XCConfigurationList section */
		44C6884321F1D67900EC4145 /* Build configuration list for PBXProject "SelfSizingCellsDemo" */ = {
			isa = XCConfigurationList;
			buildConfigurations = (
				44C6887221F1D67A00EC4145 /* Debug */,
				44C6887321F1D67A00EC4145 /* Release */,
			);
			defaultConfigurationIsVisible = 0;
			defaultConfigurationName = Release;
		};
		44C6887421F1D67A00EC4145 /* Build configuration list for PBXNativeTarget "SelfSizingCellsDemo" */ = {
			isa = XCConfigurationList;
			buildConfigurations = (
				44C6887521F1D67A00EC4145 /* Debug */,
				44C6887621F1D67A00EC4145 /* Release */,
			);
			defaultConfigurationIsVisible = 0;
			defaultConfigurationName = Release;
		};
		44C6887721F1D67A00EC4145 /* Build configuration list for PBXNativeTarget "SelfSizingCellsDemoTests" */ = {
			isa = XCConfigurationList;
			buildConfigurations = (
				44C6887821F1D67A00EC4145 /* Debug */,
				44C6887921F1D67A00EC4145 /* Release */,
			);
			defaultConfigurationIsVisible = 0;
			defaultConfigurationName = Release;
		};
		44C6887A21F1D67A00EC4145 /* Build configuration list for PBXNativeTarget "SelfSizingCellsDemoUITests" */ = {
			isa = XCConfigurationList;
			buildConfigurations = (
				44C6887B21F1D67A00EC4145 /* Debug */,
				44C6887C21F1D67A00EC4145 /* Release */,
			);
			defaultConfigurationIsVisible = 0;
			defaultConfigurationName = Release;
		};
/* End XCConfigurationList section */
	};
	rootObject = 44C6884021F1D67900EC4145 /* Project object */;
}
